// !$*UTF8*$!
{
	archiveVersion = 1;
	classes = {
	};
	objectVersion = 50;
	objects = {

/* Begin PBXBuildFile section */
		CA07153C238B825C004FD59F /* WebKit.framework in Frameworks */ = {isa = PBXBuildFile; fileRef = CA07153B238B825C004FD59F /* WebKit.framework */; };
		CA07153E238B8260004FD59F /* PDFKit.framework in Frameworks */ = {isa = PBXBuildFile; fileRef = CA07153D238B8260004FD59F /* PDFKit.framework */; };
		CA071580238C11DD004FD59F /* chViewController.swift in Sources */ = {isa = PBXBuildFile; fileRef = CA07157F238C11DD004FD59F /* chViewController.swift */; };
		CA21A58B2395987E00670437 /* MediaPlayer.framework in Frameworks */ = {isa = PBXBuildFile; fileRef = CA21A58A2395987D00670437 /* MediaPlayer.framework */; };
		CA21BAB42397E31D00136759 /* CanvasView.swift in Sources */ = {isa = PBXBuildFile; fileRef = CA21BAB32397E31D00136759 /* CanvasView.swift */; };
		CA21BABD2397E44F00136759 /* DrawingView.swift in Sources */ = {isa = PBXBuildFile; fileRef = CA21BABC2397E44F00136759 /* DrawingView.swift */; };
		CA21BAC92397E62400136759 /* ViewController.swift in Sources */ = {isa = PBXBuildFile; fileRef = CA21BAC42397E51500136759 /* ViewController.swift */; };
		CA22A1A62396D7EB00B8507D /* SourceViewController.swift in Sources */ = {isa = PBXBuildFile; fileRef = CA22A1A52396D7EB00B8507D /* SourceViewController.swift */; };
		CA22A1A82397C91100B8507D /* Start.storyboard in Resources */ = {isa = PBXBuildFile; fileRef = CA22A1A72397C91000B8507D /* Start.storyboard */; };
		CA238F0F2395BFA700CADD52 /* Storyboard.storyboard in Resources */ = {isa = PBXBuildFile; fileRef = CA238F0E2395BFA700CADD52 /* Storyboard.storyboard */; };
		CA73A167238B7C7300DF1FA7 /* AppDelegate.swift in Sources */ = {isa = PBXBuildFile; fileRef = CA73A166238B7C7300DF1FA7 /* AppDelegate.swift */; };
		CA73A16E238B7C7E00DF1FA7 /* Assets.xcassets in Resources */ = {isa = PBXBuildFile; fileRef = CA73A16D238B7C7E00DF1FA7 /* Assets.xcassets */; };
		CA73A171238B7C7F00DF1FA7 /* LaunchScreen.storyboard in Resources */ = {isa = PBXBuildFile; fileRef = CA73A16F238B7C7F00DF1FA7 /* LaunchScreen.storyboard */; };
		CA73A17C238B7C7F00DF1FA7 /* kenkyuTests.swift in Sources */ = {isa = PBXBuildFile; fileRef = CA73A17B238B7C7F00DF1FA7 /* kenkyuTests.swift */; };
		CA73A187238B7C7F00DF1FA7 /* kenkyuUITests.swift in Sources */ = {isa = PBXBuildFile; fileRef = CA73A186238B7C7F00DF1FA7 /* kenkyuUITests.swift */; };
		CA9276432395B28E00085E17 /* Base.lproj in Resources */ = {isa = PBXBuildFile; fileRef = CA9276422395B28E00085E17 /* Base.lproj */; };
		CAB8E86D238D0D87008021E8 /* minViewController.swift in Sources */ = {isa = PBXBuildFile; fileRef = CAB8E86C238D0D87008021E8 /* minViewController.swift */; };
		CAD14257238D3D53007E211E /* AVFoundation.framework in Frameworks */ = {isa = PBXBuildFile; fileRef = CAD14256238D3D52007E211E /* AVFoundation.framework */; };
		CAD14259238D3D5B007E211E /* AVKit.framework in Frameworks */ = {isa = PBXBuildFile; fileRef = CAD14258238D3D5B007E211E /* AVKit.framework */; };
		CAD1425C238D75A7007E211E /* videoViewController.swift in Sources */ = {isa = PBXBuildFile; fileRef = CAD1425B238D75A7007E211E /* videoViewController.swift */; };
		CAD14260238D8086007E211E /* CoreMedia.framework in Frameworks */ = {isa = PBXBuildFile; fileRef = CAD1425F238D8086007E211E /* CoreMedia.framework */; };
/* End PBXBuildFile section */

/* Begin PBXContainerItemProxy section */
		CA73A178238B7C7F00DF1FA7 /* PBXContainerItemProxy */ = {
			isa = PBXContainerItemProxy;
			containerPortal = CA73A15B238B7C7300DF1FA7 /* Project object */;
			proxyType = 1;
			remoteGlobalIDString = CA73A162238B7C7300DF1FA7;
			remoteInfo = kenkyu;
		};
		CA73A183238B7C7F00DF1FA7 /* PBXContainerItemProxy */ = {
			isa = PBXContainerItemProxy;
			containerPortal = CA73A15B238B7C7300DF1FA7 /* Project object */;
			proxyType = 1;
			remoteGlobalIDString = CA73A162238B7C7300DF1FA7;
			remoteInfo = kenkyu;
		};
/* End PBXContainerItemProxy section */

/* Begin PBXFileReference section */
		CA07153B238B825C004FD59F /* WebKit.framework */ = {isa = PBXFileReference; lastKnownFileType = wrapper.framework; name = WebKit.framework; path = System/Library/Frameworks/WebKit.framework; sourceTree = SDKROOT; };
		CA07153D238B8260004FD59F /* PDFKit.framework */ = {isa = PBXFileReference; lastKnownFileType = wrapper.framework; name = PDFKit.framework; path = System/Library/Frameworks/PDFKit.framework; sourceTree = SDKROOT; };
		CA07157F238C11DD004FD59F /* chViewController.swift */ = {isa = PBXFileReference; lastKnownFileType = sourcecode.swift; path = chViewController.swift; sourceTree = "<group>"; };
		CA21A58A2395987D00670437 /* MediaPlayer.framework */ = {isa = PBXFileReference; lastKnownFileType = wrapper.framework; name = MediaPlayer.framework; path = System/Library/Frameworks/MediaPlayer.framework; sourceTree = SDKROOT; };
		CA21BAB02397E23300136759 /* heap.mp4 */ = {isa = PBXFileReference; lastKnownFileType = file; path = heap.mp4; sourceTree = "<group>"; };
		CA21BAB32397E31D00136759 /* CanvasView.swift */ = {isa = PBXFileReference; lastKnownFileType = sourcecode.swift; name = CanvasView.swift; path = "../../../../Downloads/SimpleDrawingApp-master/Canvas/CanvasView.swift"; sourceTree = "<group>"; };
		CA21BAB82397E38100136759 /* PDFViewController.swift */ = {isa = PBXFileReference; lastKnownFileType = sourcecode.swift; path = PDFViewController.swift; sourceTree = "<group>"; };
		CA21BAB92397E38C00136759 /* ToolView.xib */ = {isa = PBXFileReference; lastKnownFileType = file.xib; path = ToolView.xib; sourceTree = "<group>"; };
		CA21BABB2397E41800136759 /* trailer_720p.mov */ = {isa = PBXFileReference; lastKnownFileType = video.quicktime; path = trailer_720p.mov; sourceTree = "<group>"; };
		CA21BABC2397E44F00136759 /* DrawingView.swift */ = {isa = PBXFileReference; lastKnownFileType = sourcecode.swift; path = DrawingView.swift; sourceTree = "<group>"; };
		CA21BABE2397E47400136759 /* Question.swift */ = {isa = PBXFileReference; lastKnownFileType = sourcecode.swift; name = Question.swift; path = ../../heap2/heap2/Question.swift; sourceTree = "<group>"; };
		CA21BABF2397E47D00136759 /* QuestionBank.swift */ = {isa = PBXFileReference; lastKnownFileType = sourcecode.swift; name = QuestionBank.swift; path = ../../heap2/heap2/QuestionBank.swift; sourceTree = "<group>"; };
		CA21BAC02397E47F00136759 /* quizViewController.swift */ = {isa = PBXFileReference; lastKnownFileType = sourcecode.swift; name = quizViewController.swift; path = ../../heap2/heap2/quizViewController.swift; sourceTree = "<group>"; };
		CA21BAC12397E4AC00136759 /* ToolView.swift */ = {isa = PBXFileReference; lastKnownFileType = sourcecode.swift; path = ToolView.swift; sourceTree = "<group>"; };
		CA21BAC22397E4DC00136759 /* s.pdf */ = {isa = PBXFileReference; lastKnownFileType = image.pdf; path = s.pdf; sourceTree = "<group>"; };
		CA21BAC42397E51500136759 /* ViewController.swift */ = {isa = PBXFileReference; lastKnownFileType = sourcecode.swift; path = ViewController.swift; sourceTree = "<group>"; };
		CA21BAC62397E55C00136759 /* WebLTableViewController.swift */ = {isa = PBXFileReference; lastKnownFileType = sourcecode.swift; path = WebLTableViewController.swift; sourceTree = "<group>"; };
		CA21BAC72397E56E00136759 /* ViewController3.swift */ = {isa = PBXFileReference; lastKnownFileType = sourcecode.swift; path = ViewController3.swift; sourceTree = "<group>"; };
		CA21BACB2397E68500136759 /* WkwebViewController.swift */ = {isa = PBXFileReference; lastKnownFileType = sourcecode.swift; path = WkwebViewController.swift; sourceTree = "<group>"; };
		CA21BACC2397E68800136759 /* WebViewController.swift */ = {isa = PBXFileReference; lastKnownFileType = sourcecode.swift; path = WebViewController.swift; sourceTree = "<group>"; };
		CA21BACE2397E70800136759 /* ViewController4.swift */ = {isa = PBXFileReference; lastKnownFileType = sourcecode.swift; path = ViewController4.swift; sourceTree = "<group>"; };
		CA21BAD02397E72A00136759 /* Heap1.swift */ = {isa = PBXFileReference; lastKnownFileType = sourcecode.swift; path = Heap1.swift; sourceTree = "<group>"; };
		CA21BAD12397E73400136759 /* ViewController5.swift */ = {isa = PBXFileReference; lastKnownFileType = sourcecode.swift; path = ViewController5.swift; sourceTree = "<group>"; };
		CA21BAD22397E73800136759 /* ViewController6.swift */ = {isa = PBXFileReference; lastKnownFileType = sourcecode.swift; path = ViewController6.swift; sourceTree = "<group>"; };
		CA21BAD32397E73B00136759 /* ViewController22.swift */ = {isa = PBXFileReference; lastKnownFileType = sourcecode.swift; path = ViewController22.swift; sourceTree = "<group>"; };
		CA22A1A52396D7EB00B8507D /* SourceViewController.swift */ = {isa = PBXFileReference; lastKnownFileType = sourcecode.swift; path = SourceViewController.swift; sourceTree = "<group>"; };
		CA22A1A72397C91000B8507D /* Start.storyboard */ = {isa = PBXFileReference; lastKnownFileType = file.storyboard; path = Start.storyboard; sourceTree = "<group>"; };
		CA238F0E2395BFA700CADD52 /* Storyboard.storyboard */ = {isa = PBXFileReference; lastKnownFileType = file.storyboard; path = Storyboard.storyboard; sourceTree = "<group>"; };
		CA73A163238B7C7300DF1FA7 /* kenkyu.app */ = {isa = PBXFileReference; explicitFileType = wrapper.application; includeInIndex = 0; path = kenkyu.app; sourceTree = BUILT_PRODUCTS_DIR; };
		CA73A166238B7C7300DF1FA7 /* AppDelegate.swift */ = {isa = PBXFileReference; lastKnownFileType = sourcecode.swift; path = AppDelegate.swift; sourceTree = "<group>"; };
		CA73A16D238B7C7E00DF1FA7 /* Assets.xcassets */ = {isa = PBXFileReference; lastKnownFileType = folder.assetcatalog; path = Assets.xcassets; sourceTree = "<group>"; };
		CA73A170238B7C7F00DF1FA7 /* Base */ = {isa = PBXFileReference; lastKnownFileType = file.storyboard; name = Base; path = Base.lproj/LaunchScreen.storyboard; sourceTree = "<group>"; };
		CA73A172238B7C7F00DF1FA7 /* Info.plist */ = {isa = PBXFileReference; lastKnownFileType = text.plist.xml; path = Info.plist; sourceTree = "<group>"; };
		CA73A177238B7C7F00DF1FA7 /* kenkyuTests.xctest */ = {isa = PBXFileReference; explicitFileType = wrapper.cfbundle; includeInIndex = 0; path = kenkyuTests.xctest; sourceTree = BUILT_PRODUCTS_DIR; };
		CA73A17B238B7C7F00DF1FA7 /* kenkyuTests.swift */ = {isa = PBXFileReference; lastKnownFileType = sourcecode.swift; path = kenkyuTests.swift; sourceTree = "<group>"; };
		CA73A17D238B7C7F00DF1FA7 /* Info.plist */ = {isa = PBXFileReference; lastKnownFileType = text.plist.xml; path = Info.plist; sourceTree = "<group>"; };
		CA73A182238B7C7F00DF1FA7 /* kenkyuUITests.xctest */ = {isa = PBXFileReference; explicitFileType = wrapper.cfbundle; includeInIndex = 0; path = kenkyuUITests.xctest; sourceTree = BUILT_PRODUCTS_DIR; };
		CA73A186238B7C7F00DF1FA7 /* kenkyuUITests.swift */ = {isa = PBXFileReference; lastKnownFileType = sourcecode.swift; path = kenkyuUITests.swift; sourceTree = "<group>"; };
		CA73A188238B7C7F00DF1FA7 /* Info.plist */ = {isa = PBXFileReference; lastKnownFileType = text.plist.xml; path = Info.plist; sourceTree = "<group>"; };
		CA9276422395B28E00085E17 /* Base.lproj */ = {isa = PBXFileReference; lastKnownFileType = folder; path = Base.lproj; sourceTree = "<group>"; };
		CAB8E86C238D0D87008021E8 /* minViewController.swift */ = {isa = PBXFileReference; lastKnownFileType = sourcecode.swift; path = minViewController.swift; sourceTree = "<group>"; };
		CAD14256238D3D52007E211E /* AVFoundation.framework */ = {isa = PBXFileReference; lastKnownFileType = wrapper.framework; name = AVFoundation.framework; path = System/Library/Frameworks/AVFoundation.framework; sourceTree = SDKROOT; };
		CAD14258238D3D5B007E211E /* AVKit.framework */ = {isa = PBXFileReference; lastKnownFileType = wrapper.framework; name = AVKit.framework; path = System/Library/Frameworks/AVKit.framework; sourceTree = SDKROOT; };
		CAD1425B238D75A7007E211E /* videoViewController.swift */ = {isa = PBXFileReference; lastKnownFileType = sourcecode.swift; path = videoViewController.swift; sourceTree = "<group>"; };
		CAD1425F238D8086007E211E /* CoreMedia.framework */ = {isa = PBXFileReference; lastKnownFileType = wrapper.framework; name = CoreMedia.framework; path = System/Library/Frameworks/CoreMedia.framework; sourceTree = SDKROOT; };
/* End PBXFileReference section */

/* Begin PBXFrameworksBuildPhase section */
		CA73A160238B7C7300DF1FA7 /* Frameworks */ = {
			isa = PBXFrameworksBuildPhase;
			buildActionMask = 2147483647;
			files = (
				CA21A58B2395987E00670437 /* MediaPlayer.framework in Frameworks */,
				CA07153E238B8260004FD59F /* PDFKit.framework in Frameworks */,
				CA07153C238B825C004FD59F /* WebKit.framework in Frameworks */,
				CAD14259238D3D5B007E211E /* AVKit.framework in Frameworks */,
				CAD14257238D3D53007E211E /* AVFoundation.framework in Frameworks */,
				CAD14260238D8086007E211E /* CoreMedia.framework in Frameworks */,
			);
			runOnlyForDeploymentPostprocessing = 0;
		};
		CA73A174238B7C7F00DF1FA7 /* Frameworks */ = {
			isa = PBXFrameworksBuildPhase;
			buildActionMask = 2147483647;
			files = (
			);
			runOnlyForDeploymentPostprocessing = 0;
		};
		CA73A17F238B7C7F00DF1FA7 /* Frameworks */ = {
			isa = PBXFrameworksBuildPhase;
			buildActionMask = 2147483647;
			files = (
			);
			runOnlyForDeploymentPostprocessing = 0;
		};
/* End PBXFrameworksBuildPhase section */

/* Begin PBXGroup section */
		CA07153A238B8258004FD59F /* Frameworks */ = {
			isa = PBXGroup;
			children = (
				CA21A58A2395987D00670437 /* MediaPlayer.framework */,
				CAD1425F238D8086007E211E /* CoreMedia.framework */,
				CAD14258238D3D5B007E211E /* AVKit.framework */,
				CAD14256238D3D52007E211E /* AVFoundation.framework */,
				CA07153D238B8260004FD59F /* PDFKit.framework */,
				CA07153B238B825C004FD59F /* WebKit.framework */,
			);
			name = Frameworks;
			sourceTree = "<group>";
		};
		CA21BAAE2397E1B500136759 /* Video */ = {
			isa = PBXGroup;
			children = (
				CA21BABB2397E41800136759 /* trailer_720p.mov */,
				CA21BAB02397E23300136759 /* heap.mp4 */,
				CAD1425B238D75A7007E211E /* videoViewController.swift */,
			);
			path = Video;
			sourceTree = "<group>";
		};
		CA21BAAF2397E21400136759 /* Challenge */ = {
			isa = PBXGroup;
			children = (
				CA21BABC2397E44F00136759 /* DrawingView.swift */,
				CAB8E86C238D0D87008021E8 /* minViewController.swift */,
				CA21BAB32397E31D00136759 /* CanvasView.swift */,
				CA07157F238C11DD004FD59F /* chViewController.swift */,
			);
			path = Challenge;
			sourceTree = "<group>";
		};
		CA21BAB72397E36F00136759 /* PDF */ = {
			isa = PBXGroup;
			children = (
				CA21BAC12397E4AC00136759 /* ToolView.swift */,
				CA21BAB92397E38C00136759 /* ToolView.xib */,
				CA21BAB82397E38100136759 /* PDFViewController.swift */,
				CA21BAC22397E4DC00136759 /* s.pdf */,
			);
			path = PDF;
			sourceTree = "<group>";
		};
		CA21BABA2397E3FD00136759 /* Quiz */ = {
			isa = PBXGroup;
			children = (
				CA21BABF2397E47D00136759 /* QuestionBank.swift */,
				CA21BAC02397E47F00136759 /* quizViewController.swift */,
				CA21BABE2397E47400136759 /* Question.swift */,
			);
			name = Quiz;
			sourceTree = "<group>";
		};
		CA21BAC32397E50800136759 /* Introduction */ = {
			isa = PBXGroup;
			children = (
				CA21BAC42397E51500136759 /* ViewController.swift */,
			);
			path = Introduction;
			sourceTree = "<group>";
		};
		CA21BAC52397E54900136759 /* Web */ = {
			isa = PBXGroup;
			children = (
				CA21BAC72397E56E00136759 /* ViewController3.swift */,
				CA21BAC62397E55C00136759 /* WebLTableViewController.swift */,
			);
			path = Web;
			sourceTree = "<group>";
		};
		CA21BACA2397E67800136759 /* Search */ = {
			isa = PBXGroup;
			children = (
				CA21BACC2397E68800136759 /* WebViewController.swift */,
				CA21BACB2397E68500136759 /* WkwebViewController.swift */,
			);
			path = Search;
			sourceTree = "<group>";
		};
		CA21BACD2397E6FD00136759 /* Menu */ = {
			isa = PBXGroup;
			children = (
				CA21BACE2397E70800136759 /* ViewController4.swift */,
			);
			path = Menu;
			sourceTree = "<group>";
		};
		CA21BACF2397E71100136759 /* Heap Sort App */ = {
			isa = PBXGroup;
			children = (
				CA21BAD02397E72A00136759 /* Heap1.swift */,
				CA21BAD22397E73800136759 /* ViewController6.swift */,
				CA21BAD12397E73400136759 /* ViewController5.swift */,
				CA21BAD32397E73B00136759 /* ViewController22.swift */,
			);
			path = "Heap Sort App";
			sourceTree = "<group>";
		};
		CA21BAD42397E77500136759 /* Source code */ = {
			isa = PBXGroup;
			children = (
				CA22A1A52396D7EB00B8507D /* SourceViewController.swift */,
			);
			path = "Source code";
			sourceTree = "<group>";
		};
		CA73A15A238B7C7300DF1FA7 = {
			isa = PBXGroup;
			children = (
				CA22A1A72397C91000B8507D /* Start.storyboard */,
				CA238F0E2395BFA700CADD52 /* Storyboard.storyboard */,
				CA73A165238B7C7300DF1FA7 /* kenkyu */,
				CA73A17A238B7C7F00DF1FA7 /* kenkyuTests */,
				CA73A185238B7C7F00DF1FA7 /* kenkyuUITests */,
				CA73A164238B7C7300DF1FA7 /* Products */,
				CA07153A238B8258004FD59F /* Frameworks */,
			);
			sourceTree = "<group>";
		};
		CA73A164238B7C7300DF1FA7 /* Products */ = {
			isa = PBXGroup;
			children = (
				CA73A163238B7C7300DF1FA7 /* kenkyu.app */,
				CA73A177238B7C7F00DF1FA7 /* kenkyuTests.xctest */,
				CA73A182238B7C7F00DF1FA7 /* kenkyuUITests.xctest */,
			);
			name = Products;
			sourceTree = "<group>";
		};
		CA73A165238B7C7300DF1FA7 /* kenkyu */ = {
			isa = PBXGroup;
			children = (
				CA9276422395B28E00085E17 /* Base.lproj */,
				CA73A166238B7C7300DF1FA7 /* AppDelegate.swift */,
				CA21BAAE2397E1B500136759 /* Video */,
				CA21BAAF2397E21400136759 /* Challenge */,
				CA21BAB72397E36F00136759 /* PDF */,
				CA73A16D238B7C7E00DF1FA7 /* Assets.xcassets */,
				CA73A16F238B7C7F00DF1FA7 /* LaunchScreen.storyboard */,
				CA73A172238B7C7F00DF1FA7 /* Info.plist */,
				CA21BABA2397E3FD00136759 /* Quiz */,
				CA21BAC32397E50800136759 /* Introduction */,
				CA21BACF2397E71100136759 /* Heap Sort App */,
				CA21BACD2397E6FD00136759 /* Menu */,
				CA21BAD42397E77500136759 /* Source code */,
				CA21BAC52397E54900136759 /* Web */,
				CA21BACA2397E67800136759 /* Search */,
			);
			path = kenkyu;
			sourceTree = "<group>";
		};
		CA73A17A238B7C7F00DF1FA7 /* kenkyuTests */ = {
			isa = PBXGroup;
			children = (
				CA73A17B238B7C7F00DF1FA7 /* kenkyuTests.swift */,
				CA73A17D238B7C7F00DF1FA7 /* Info.plist */,
			);
			path = kenkyuTests;
			sourceTree = "<group>";
		};
		CA73A185238B7C7F00DF1FA7 /* kenkyuUITests */ = {
			isa = PBXGroup;
			children = (
				CA73A186238B7C7F00DF1FA7 /* kenkyuUITests.swift */,
				CA73A188238B7C7F00DF1FA7 /* Info.plist */,
			);
			path = kenkyuUITests;
			sourceTree = "<group>";
		};
/* End PBXGroup section */

/* Begin PBXNativeTarget section */
		CA73A162238B7C7300DF1FA7 /* kenkyu */ = {
			isa = PBXNativeTarget;
			buildConfigurationList = CA73A18B238B7C7F00DF1FA7 /* Build configuration list for PBXNativeTarget "kenkyu" */;
			buildPhases = (
				CA73A15F238B7C7300DF1FA7 /* Sources */,
				CA73A160238B7C7300DF1FA7 /* Frameworks */,
				CA73A161238B7C7300DF1FA7 /* Resources */,
			);
			buildRules = (
			);
			dependencies = (
			);
			name = kenkyu;
			productName = kenkyu;
			productReference = CA73A163238B7C7300DF1FA7 /* kenkyu.app */;
			productType = "com.apple.product-type.application";
		};
		CA73A176238B7C7F00DF1FA7 /* kenkyuTests */ = {
			isa = PBXNativeTarget;
			buildConfigurationList = CA73A18E238B7C7F00DF1FA7 /* Build configuration list for PBXNativeTarget "kenkyuTests" */;
			buildPhases = (
				CA73A173238B7C7F00DF1FA7 /* Sources */,
				CA73A174238B7C7F00DF1FA7 /* Frameworks */,
				CA73A175238B7C7F00DF1FA7 /* Resources */,
			);
			buildRules = (
			);
			dependencies = (
				CA73A179238B7C7F00DF1FA7 /* PBXTargetDependency */,
			);
			name = kenkyuTests;
			productName = kenkyuTests;
			productReference = CA73A177238B7C7F00DF1FA7 /* kenkyuTests.xctest */;
			productType = "com.apple.product-type.bundle.unit-test";
		};
		CA73A181238B7C7F00DF1FA7 /* kenkyuUITests */ = {
			isa = PBXNativeTarget;
			buildConfigurationList = CA73A191238B7C7F00DF1FA7 /* Build configuration list for PBXNativeTarget "kenkyuUITests" */;
			buildPhases = (
				CA73A17E238B7C7F00DF1FA7 /* Sources */,
				CA73A17F238B7C7F00DF1FA7 /* Frameworks */,
				CA73A180238B7C7F00DF1FA7 /* Resources */,
			);
			buildRules = (
			);
			dependencies = (
				CA73A184238B7C7F00DF1FA7 /* PBXTargetDependency */,
			);
			name = kenkyuUITests;
			productName = kenkyuUITests;
			productReference = CA73A182238B7C7F00DF1FA7 /* kenkyuUITests.xctest */;
			productType = "com.apple.product-type.bundle.ui-testing";
		};
/* End PBXNativeTarget section */

/* Begin PBXProject section */
		CA73A15B238B7C7300DF1FA7 /* Project object */ = {
			isa = PBXProject;
			attributes = {
				LastSwiftUpdateCheck = 1000;
				LastUpgradeCheck = 1000;
				ORGANIZATIONNAME = "yuta akatsu";
				TargetAttributes = {
					CA73A162238B7C7300DF1FA7 = {
						CreatedOnToolsVersion = 10.0;
					};
					CA73A176238B7C7F00DF1FA7 = {
						CreatedOnToolsVersion = 10.0;
						TestTargetID = CA73A162238B7C7300DF1FA7;
					};
					CA73A181238B7C7F00DF1FA7 = {
						CreatedOnToolsVersion = 10.0;
						TestTargetID = CA73A162238B7C7300DF1FA7;
					};
				};
			};
			buildConfigurationList = CA73A15E238B7C7300DF1FA7 /* Build configuration list for PBXProject "kenkyu" */;
			compatibilityVersion = "Xcode 9.3";
			developmentRegion = en;
			hasScannedForEncodings = 0;
			knownRegions = (
				en,
				Base,
			);
			mainGroup = CA73A15A238B7C7300DF1FA7;
			productRefGroup = CA73A164238B7C7300DF1FA7 /* Products */;
			projectDirPath = "";
			projectRoot = "";
			targets = (
				CA73A162238B7C7300DF1FA7 /* kenkyu */,
				CA73A176238B7C7F00DF1FA7 /* kenkyuTests */,
				CA73A181238B7C7F00DF1FA7 /* kenkyuUITests */,
			);
		};
/* End PBXProject section */

/* Begin PBXResourcesBuildPhase section */
		CA73A161238B7C7300DF1FA7 /* Resources */ = {
			isa = PBXResourcesBuildPhase;
			buildActionMask = 2147483647;
			files = (
				CA73A171238B7C7F00DF1FA7 /* LaunchScreen.storyboard in Resources */,
				CA9276432395B28E00085E17 /* Base.lproj in Resources */,
				CA22A1A82397C91100B8507D /* Start.storyboard in Resources */,
				CA238F0F2395BFA700CADD52 /* Storyboard.storyboard in Resources */,
				CA73A16E238B7C7E00DF1FA7 /* Assets.xcassets in Resources */,
			);
			runOnlyForDeploymentPostprocessing = 0;
		};
		CA73A175238B7C7F00DF1FA7 /* Resources */ = {
			isa = PBXResourcesBuildPhase;
			buildActionMask = 2147483647;
			files = (
			);
			runOnlyForDeploymentPostprocessing = 0;
		};
		CA73A180238B7C7F00DF1FA7 /* Resources */ = {
			isa = PBXResourcesBuildPhase;
			buildActionMask = 2147483647;
			files = (
			);
			runOnlyForDeploymentPostprocessing = 0;
		};
/* End PBXResourcesBuildPhase section */

/* Begin PBXSourcesBuildPhase section */
		CA73A15F238B7C7300DF1FA7 /* Sources */ = {
			isa = PBXSourcesBuildPhase;
			buildActionMask = 2147483647;
			files = (
				CA21BAC92397E62400136759 /* ViewController.swift in Sources */,
				CAD1425C238D75A7007E211E /* videoViewController.swift in Sources */,
				CA071580238C11DD004FD59F /* chViewController.swift in Sources */,
				CA73A167238B7C7300DF1FA7 /* AppDelegate.swift in Sources */,
				CA21BABD2397E44F00136759 /* DrawingView.swift in Sources */,
				CAB8E86D238D0D87008021E8 /* minViewController.swift in Sources */,
				CA21BAB42397E31D00136759 /* CanvasView.swift in Sources */,
				CA22A1A62396D7EB00B8507D /* SourceViewController.swift in Sources */,
			);
			runOnlyForDeploymentPostprocessing = 0;
		};
		CA73A173238B7C7F00DF1FA7 /* Sources */ = {
			isa = PBXSourcesBuildPhase;
			buildActionMask = 2147483647;
			files = (
				CA73A17C238B7C7F00DF1FA7 /* kenkyuTests.swift in Sources */,
			);
			runOnlyForDeploymentPostprocessing = 0;
		};
		CA73A17E238B7C7F00DF1FA7 /* Sources */ = {
			isa = PBXSourcesBuildPhase;
			buildActionMask = 2147483647;
			files = (
				CA73A187238B7C7F00DF1FA7 /* kenkyuUITests.swift in Sources */,
			);
			runOnlyForDeploymentPostprocessing = 0;
		};
/* End PBXSourcesBuildPhase section */

/* Begin PBXTargetDependency section */
		CA73A179238B7C7F00DF1FA7 /* PBXTargetDependency */ = {
			isa = PBXTargetDependency;
			target = CA73A162238B7C7300DF1FA7 /* kenkyu */;
			targetProxy = CA73A178238B7C7F00DF1FA7 /* PBXContainerItemProxy */;
		};
		CA73A184238B7C7F00DF1FA7 /* PBXTargetDependency */ = {
			isa = PBXTargetDependency;
			target = CA73A162238B7C7300DF1FA7 /* kenkyu */;
			targetProxy = CA73A183238B7C7F00DF1FA7 /* PBXContainerItemProxy */;
		};
/* End PBXTargetDependency section */

/* Begin PBXVariantGroup section */
		CA73A16F238B7C7F00DF1FA7 /* LaunchScreen.storyboard */ = {
			isa = PBXVariantGroup;
			children = (
				CA73A170238B7C7F00DF1FA7 /* Base */,
			);
			name = LaunchScreen.storyboard;
			sourceTree = "<group>";
		};
/* End PBXVariantGroup section */

/* Begin XCBuildConfiguration section */
		CA73A189238B7C7F00DF1FA7 /* Debug */ = {
			isa = XCBuildConfiguration;
			buildSettings = {
				ALWAYS_SEARCH_USER_PATHS = NO;
				CLANG_ANALYZER_NONNULL = YES;
				CLANG_ANALYZER_NUMBER_OBJECT_CONVERSION = YES_AGGRESSIVE;
				CLANG_CXX_LANGUAGE_STANDARD = "gnu++14";
				CLANG_CXX_LIBRARY = "libc++";
				CLANG_ENABLE_MODULES = YES;
				CLANG_ENABLE_OBJC_ARC = YES;
				CLANG_ENABLE_OBJC_WEAK = YES;
				CLANG_WARN_BLOCK_CAPTURE_AUTORELEASING = YES;
				CLANG_WARN_BOOL_CONVERSION = YES;
				CLANG_WARN_COMMA = YES;
				CLANG_WARN_CONSTANT_CONVERSION = YES;
				CLANG_WARN_DEPRECATED_OBJC_IMPLEMENTATIONS = YES;
				CLANG_WARN_DIRECT_OBJC_ISA_USAGE = YES_ERROR;
				CLANG_WARN_DOCUMENTATION_COMMENTS = YES;
				CLANG_WARN_EMPTY_BODY = YES;
				CLANG_WARN_ENUM_CONVERSION = YES;
				CLANG_WARN_INFINITE_RECURSION = YES;
				CLANG_WARN_INT_CONVERSION = YES;
				CLANG_WARN_NON_LITERAL_NULL_CONVERSION = YES;
				CLANG_WARN_OBJC_IMPLICIT_RETAIN_SELF = YES;
				CLANG_WARN_OBJC_LITERAL_CONVERSION = YES;
				CLANG_WARN_OBJC_ROOT_CLASS = YES_ERROR;
				CLANG_WARN_RANGE_LOOP_ANALYSIS = YES;
				CLANG_WARN_STRICT_PROTOTYPES = YES;
				CLANG_WARN_SUSPICIOUS_MOVE = YES;
				CLANG_WARN_UNGUARDED_AVAILABILITY = YES_AGGRESSIVE;
				CLANG_WARN_UNREACHABLE_CODE = YES;
				CLANG_WARN__DUPLICATE_METHOD_MATCH = YES;
				CODE_SIGN_IDENTITY = "iPhone Developer";
				COPY_PHASE_STRIP = NO;
				DEBUG_INFORMATION_FORMAT = dwarf;
				ENABLE_STRICT_OBJC_MSGSEND = YES;
				ENABLE_TESTABILITY = YES;
				GCC_C_LANGUAGE_STANDARD = gnu11;
				GCC_DYNAMIC_NO_PIC = NO;
				GCC_NO_COMMON_BLOCKS = YES;
				GCC_OPTIMIZATION_LEVEL = 0;
				GCC_PREPROCESSOR_DEFINITIONS = (
					"DEBUG=1",
					"$(inherited)",
				);
				GCC_WARN_64_TO_32_BIT_CONVERSION = YES;
				GCC_WARN_ABOUT_RETURN_TYPE = YES_ERROR;
				GCC_WARN_UNDECLARED_SELECTOR = YES;
				GCC_WARN_UNINITIALIZED_AUTOS = YES_AGGRESSIVE;
				GCC_WARN_UNUSED_FUNCTION = YES;
				GCC_WARN_UNUSED_VARIABLE = YES;
				IPHONEOS_DEPLOYMENT_TARGET = 12.0;
				MTL_ENABLE_DEBUG_INFO = INCLUDE_SOURCE;
				MTL_FAST_MATH = YES;
				ONLY_ACTIVE_ARCH = YES;
				SDKROOT = iphoneos;
				SWIFT_ACTIVE_COMPILATION_CONDITIONS = DEBUG;
				SWIFT_OPTIMIZATION_LEVEL = "-Onone";
			};
			name = Debug;
		};
		CA73A18A238B7C7F00DF1FA7 /* Release */ = {
			isa = XCBuildConfiguration;
			buildSettings = {
				ALWAYS_SEARCH_USER_PATHS = NO;
				CLANG_ANALYZER_NONNULL = YES;
				CLANG_ANALYZER_NUMBER_OBJECT_CONVERSION = YES_AGGRESSIVE;
				CLANG_CXX_LANGUAGE_STANDARD = "gnu++14";
				CLANG_CXX_LIBRARY = "libc++";
				CLANG_ENABLE_MODULES = YES;
				CLANG_ENABLE_OBJC_ARC = YES;
				CLANG_ENABLE_OBJC_WEAK = YES;
				CLANG_WARN_BLOCK_CAPTURE_AUTORELEASING = YES;
				CLANG_WARN_BOOL_CONVERSION = YES;
				CLANG_WARN_COMMA = YES;
				CLANG_WARN_CONSTANT_CONVERSION = YES;
				CLANG_WARN_DEPRECATED_OBJC_IMPLEMENTATIONS = YES;
				CLANG_WARN_DIRECT_OBJC_ISA_USAGE = YES_ERROR;
				CLANG_WARN_DOCUMENTATION_COMMENTS = YES;
				CLANG_WARN_EMPTY_BODY = YES;
				CLANG_WARN_ENUM_CONVERSION = YES;
				CLANG_WARN_INFINITE_RECURSION = YES;
				CLANG_WARN_INT_CONVERSION = YES;
				CLANG_WARN_NON_LITERAL_NULL_CONVERSION = YES;
				CLANG_WARN_OBJC_IMPLICIT_RETAIN_SELF = YES;
				CLANG_WARN_OBJC_LITERAL_CONVERSION = YES;
				CLANG_WARN_OBJC_ROOT_CLASS = YES_ERROR;
				CLANG_WARN_RANGE_LOOP_ANALYSIS = YES;
				CLANG_WARN_STRICT_PROTOTYPES = YES;
				CLANG_WARN_SUSPICIOUS_MOVE = YES;
				CLANG_WARN_UNGUARDED_AVAILABILITY = YES_AGGRESSIVE;
				CLANG_WARN_UNREACHABLE_CODE = YES;
				CLANG_WARN__DUPLICATE_METHOD_MATCH = YES;
				CODE_SIGN_IDENTITY = "iPhone Developer";
				COPY_PHASE_STRIP = NO;
				DEBUG_INFORMATION_FORMAT = "dwarf-with-dsym";
				ENABLE_NS_ASSERTIONS = NO;
				ENABLE_STRICT_OBJC_MSGSEND = YES;
				GCC_C_LANGUAGE_STANDARD = gnu11;
				GCC_NO_COMMON_BLOCKS = YES;
				GCC_WARN_64_TO_32_BIT_CONVERSION = YES;
				GCC_WARN_ABOUT_RETURN_TYPE = YES_ERROR;
				GCC_WARN_UNDECLARED_SELECTOR = YES;
				GCC_WARN_UNINITIALIZED_AUTOS = YES_AGGRESSIVE;
				GCC_WARN_UNUSED_FUNCTION = YES;
				GCC_WARN_UNUSED_VARIABLE = YES;
				IPHONEOS_DEPLOYMENT_TARGET = 12.0;
				MTL_ENABLE_DEBUG_INFO = NO;
				MTL_FAST_MATH = YES;
				SDKROOT = iphoneos;
				SWIFT_COMPILATION_MODE = wholemodule;
				SWIFT_OPTIMIZATION_LEVEL = "-O";
				VALIDATE_PRODUCT = YES;
			};
			name = Release;
		};
		CA73A18C238B7C7F00DF1FA7 /* Debug */ = {
			isa = XCBuildConfiguration;
			buildSettings = {
				ASSETCATALOG_COMPILER_APPICON_NAME = AppIcon;
				CODE_SIGN_STYLE = Automatic;
				INFOPLIST_FILE = kenkyu/Info.plist;
				LD_RUNPATH_SEARCH_PATHS = (
					"$(inherited)",
					"@executable_path/Frameworks",
				);
				PRODUCT_BUNDLE_IDENTIFIER = ak.kenkyu;
				PRODUCT_NAME = "$(TARGET_NAME)";
				SWIFT_VERSION = 4.2;
				TARGETED_DEVICE_FAMILY = "1,2";
			};
			name = Debug;
		};
		CA73A18D238B7C7F00DF1FA7 /* Release */ = {
			isa = XCBuildConfiguration;
			buildSettings = {
				ASSETCATALOG_COMPILER_APPICON_NAME = AppIcon;
				CODE_SIGN_STYLE = Automatic;
				INFOPLIST_FILE = kenkyu/Info.plist;
				LD_RUNPATH_SEARCH_PATHS = (
					"$(inherited)",
					"@executable_path/Frameworks",
				);
				PRODUCT_BUNDLE_IDENTIFIER = ak.kenkyu;
				PRODUCT_NAME = "$(TARGET_NAME)";
				SWIFT_VERSION = 4.2;
				TARGETED_DEVICE_FAMILY = "1,2";
			};
			name = Release;
		};
		CA73A18F238B7C7F00DF1FA7 /* Debug */ = {
			isa = XCBuildConfiguration;
			buildSettings = {
				ALWAYS_EMBED_SWIFT_STANDARD_LIBRARIES = YES;
				BUNDLE_LOADER = "$(TEST_HOST)";
				CODE_SIGN_STYLE = Automatic;
				INFOPLIST_FILE = kenkyuTests/Info.plist;
				LD_RUNPATH_SEARCH_PATHS = (
					"$(inherited)",
					"@executable_path/Frameworks",
					"@loader_path/Frameworks",
				);
				PRODUCT_BUNDLE_IDENTIFIER = ak.kenkyuTests;
				PRODUCT_NAME = "$(TARGET_NAME)";
				SWIFT_VERSION = 4.2;
				TARGETED_DEVICE_FAMILY = "1,2";
				TEST_HOST = "$(BUILT_PRODUCTS_DIR)/kenkyu.app/kenkyu";
			};
			name = Debug;
		};
		CA73A190238B7C7F00DF1FA7 /* Release */ = {
			isa = XCBuildConfiguration;
			buildSettings = {
				ALWAYS_EMBED_SWIFT_STANDARD_LIBRARIES = YES;
				BUNDLE_LOADER = "$(TEST_HOST)";
				CODE_SIGN_STYLE = Automatic;
				INFOPLIST_FILE = kenkyuTests/Info.plist;
				LD_RUNPATH_SEARCH_PATHS = (
					"$(inherited)",
					"@executable_path/Frameworks",
					"@loader_path/Frameworks",
				);
				PRODUCT_BUNDLE_IDENTIFIER = ak.kenkyuTests;
				PRODUCT_NAME = "$(TARGET_NAME)";
				SWIFT_VERSION = 4.2;
				TARGETED_DEVICE_FAMILY = "1,2";
				TEST_HOST = "$(BUILT_PRODUCTS_DIR)/kenkyu.app/kenkyu";
			};
			name = Release;
		};
		CA73A192238B7C7F00DF1FA7 /* Debug */ = {
			isa = XCBuildConfiguration;
			buildSettings = {
				ALWAYS_EMBED_SWIFT_STANDARD_LIBRARIES = YES;
				CODE_SIGN_STYLE = Automatic;
				INFOPLIST_FILE = kenkyuUITests/Info.plist;
				LD_RUNPATH_SEARCH_PATHS = (
					"$(inherited)",
					"@executable_path/Frameworks",
					"@loader_path/Frameworks",
				);
				PRODUCT_BUNDLE_IDENTIFIER = ak.kenkyuUITests;
				PRODUCT_NAME = "$(TARGET_NAME)";
				SWIFT_VERSION = 4.2;
				TARGETED_DEVICE_FAMILY = "1,2";
				TEST_TARGET_NAME = kenkyu;
			};
			name = Debug;
		};
		CA73A193238B7C7F00DF1FA7 /* Release */ = {
			isa = XCBuildConfiguration;
			buildSettings = {
				ALWAYS_EMBED_SWIFT_STANDARD_LIBRARIES = YES;
				CODE_SIGN_STYLE = Automatic;
				INFOPLIST_FILE = kenkyuUITests/Info.plist;
				LD_RUNPATH_SEARCH_PATHS = (
					"$(inherited)",
					"@executable_path/Frameworks",
					"@loader_path/Frameworks",
				);
				PRODUCT_BUNDLE_IDENTIFIER = ak.kenkyuUITests;
				PRODUCT_NAME = "$(TARGET_NAME)";
				SWIFT_VERSION = 4.2;
				TARGETED_DEVICE_FAMILY = "1,2";
				TEST_TARGET_NAME = kenkyu;
			};
			name = Release;
		};
/* End XCBuildConfiguration section */

/* Begin XCConfigurationList section */
		CA73A15E238B7C7300DF1FA7 /* Build configuration list for PBXProject "kenkyu" */ = {
			isa = XCConfigurationList;
			buildConfigurations = (
				CA73A189238B7C7F00DF1FA7 /* Debug */,
				CA73A18A238B7C7F00DF1FA7 /* Release */,
			);
			defaultConfigurationIsVisible = 0;
			defaultConfigurationName = Release;
		};
		CA73A18B238B7C7F00DF1FA7 /* Build configuration list for PBXNativeTarget "kenkyu" */ = {
			isa = XCConfigurationList;
			buildConfigurations = (
				CA73A18C238B7C7F00DF1FA7 /* Debug */,
				CA73A18D238B7C7F00DF1FA7 /* Release */,
			);
			defaultConfigurationIsVisible = 0;
			defaultConfigurationName = Release;
		};
		CA73A18E238B7C7F00DF1FA7 /* Build configuration list for PBXNativeTarget "kenkyuTests" */ = {
			isa = XCConfigurationList;
			buildConfigurations = (
				CA73A18F238B7C7F00DF1FA7 /* Debug */,
				CA73A190238B7C7F00DF1FA7 /* Release */,
			);
			defaultConfigurationIsVisible = 0;
			defaultConfigurationName = Release;
		};
		CA73A191238B7C7F00DF1FA7 /* Build configuration list for PBXNativeTarget "kenkyuUITests" */ = {
			isa = XCConfigurationList;
			buildConfigurations = (
				CA73A192238B7C7F00DF1FA7 /* Debug */,
				CA73A193238B7C7F00DF1FA7 /* Release */,
			);
			defaultConfigurationIsVisible = 0;
			defaultConfigurationName = Release;
		};
/* End XCConfigurationList section */
	};
	rootObject = CA73A15B238B7C7300DF1FA7 /* Project object */;
}
